
Microsoft Visual Studio Solution File, Format Version 12.00
# Visual Studio 2013
VisualStudioVersion = 12.0.30501.0
MinimumVisualStudioVersion = 10.0.40219.1
Project("{FAE04EC0-301F-11D3-BF4B-00C04F79EFBC}") = "Trinet.Core.IO.Ntfs", "Trinet.Core.IO.Ntfs.csproj", "{520A3DF2-071D-47AE-9B25-2A286306DDF5}"
EndProject
Project("{2150E333-8FDC-42A3-9474-1A3956D46DE8}") = "Legal", "Legal", "{CE48A3CF-6286-4FC0-A0CB-15403DFFEC5E}"
	ProjectSection(SolutionItems) = preProject
		..\..\legal\CPOLv1.htm = ..\..\legal\CPOLv1.htm
		..\..\legal\GPLv3.txt = ..\..\legal\GPLv3.txt
	EndProjectSection
EndProject
Global
	GlobalSection(SolutionConfigurationPlatforms) = preSolution
		Debug|Any CPU = Debug|Any CPU
		Release|Any CPU = Release|Any CPU
	EndGlobalSection
	GlobalSection(ProjectConfigurationPlatforms) = postSolution
		{520A3DF2-071D-47AE-9B25-2A286306DDF5}.Debug|Any CPU.ActiveCfg = Debug|Any CPU
		{520A3DF2-071D-47AE-9B25-2A286306DDF5}.Debug|Any CPU.Build.0 = Debug|Any CPU
		{520A3DF2-071D-47AE-9B25-2A286306DDF5}.Release|Any CPU.ActiveCfg = Release|Any CPU
		{520A3DF2-071D-47AE-9B25-2A286306DDF5}.Release|Any CPU.Build.0 = Release|Any CPU
	EndGlobalSection
	GlobalSection(SolutionProperties) = preSolution
		HideSolutionNode = FALSE
	EndGlobalSection
EndGlobal
